{
  "nodes": {
    "brew-src": {
      "flake": false,
      "locked": {
        "lastModified": 1786434090,
        "narHash": "sha256-KFe+6R2OhSOJcxvqRSn+b6mR5eh9q7tG+Wx+8xa2QsY=",
        "owner": "Homebrew",
        "repo": "brew",
        "rev": "5d49126d14081cd59ae36f83b8306bfdca7f1770",
        "type": "github"
      },
      "original": {
        "owner": "Homebrew",
        "repo": "brew",
        "type": "github"
      }
    },
    "chrome-devtools-axi": {
      "flake": false,
      "locked": {
        "lastModified": 1786075549,
        "narHash": "sha256-ZiEtrZDvWV4xpIb68R0BE7H86pWuwm9QRV0o9JmAh8I=",
        "owner": "kunchenguid",
        "repo": "chrome-devtools-axi",
        "rev": "1a91f5fa2a8e381e502b914116e9bafb1a819f48",
        "type": "github"
      },
      "original": {
        "owner": "kunchenguid",
        "ref": "chrome-devtools-axi-v0.1.29",
        "repo": "chrome-devtools-axi",
        "type": "github"
      }
    },
    "gh-axi": {
      "flake": false,
      "locked": {
        "lastModified": 1785475217,
        "narHash": "sha256-xGabDo12fh+YO1ihSo6fyh8bYiELH+iWRDPZ37dMzNI=",
        "owner": "kunchenguid",
        "repo": "gh-axi",
        "rev": "09c488ec5bb22d068fbca1ab58212e9f63fd490c",
        "type": "github"
      },
      "original": {
        "owner": "kunchenguid",
        "ref": "gh-axi-v0.1.29",
        "repo": "gh-axi",
        "type": "github"
      }
    },
    "home-manager": {
      "inputs": {
        "nixpkgs": [
          "nixpkgs"
        ]
      },
      "locked": {
        "lastModified": 1783221248,
        "narHash": "sha256-ESQnuNHEDChsB4IxoLRhscVahqkDWkTb+qdIz8euYt4=",
        "owner": "nix-community",
        "repo": "home-manager",
        "rev": "af2beae5f0fae0a4310cc0e6aef2572f56090353",
        "type": "github"
      },
      "original": {
        "owner": "nix-community",
        "ref": "release-26.05",
        "repo": "home-manager",
        "type": "github"
      }
    },
    "lavish-axi": {
      "flake": false,
      "locked": {
        "lastModified": 1785520637,
        "narHash": "sha256-XJQHsmmSFajQGQopirzOQdR0ztN36ZcC7te2+IjrlFM=",
        "owner": "kunchenguid",
        "repo": "lavish-axi",
        "rev": "fb212c397c8d3f86d79953bcac3b797493b9ef1c",
        "type": "github"
      },
      "original": {
        "owner": "kunchenguid",
        "ref": "lavish-axi-v0.1.45",
        "repo": "lavish-axi",
        "type": "github"
      }
    },
    "matt-pocock-skills": {
      "flake": false,
      "locked": {
        "lastModified": 1783516840,
        "narHash": "sha256-XqF709Y9GMKINzZITlbCTyatG9AxRZh0qn2vcv1Z8yo=",
        "owner": "mattpocock",
        "repo": "skills",
        "rev": "d574778f94cf620fcc8ce741584093bc650a61d3",
        "type": "github"
      },
      "original": {
        "owner": "mattpocock",
        "ref": "v1.1.0",
        "repo": "skills",
        "type": "github"
      }
    },
    "nix-darwin": {
      "inputs": {
        "nixpkgs": [
          "nixpkgs"
        ]
      },
      "locked": {
        "lastModified": 1781772065,
        "narHash": "sha256-xIbRSwDB1GBAUsWsQZUjudGfAGQt3BOpsWaO/ugVa4w=",
        "owner": "nix-darwin",
        "repo": "nix-darwin",
        "rev": "adda04f0bf4819575b1978c2f8d78401b3c2be12",
        "type": "github"
      },
      "original": {
        "owner": "nix-darwin",
        "ref": "nix-darwin-26.05",
        "repo": "nix-darwin",
        "type": "github"
      }
    },
    "nix-homebrew": {
      "inputs": {
        "brew-src": [
          "brew-src"
        ]
      },
      "locked": {
        "lastModified": 1781389246,
        "narHash": "sha256-ORqLAo/hoJdsZC7UPAuEHev6S0+XIqKEC7vjo5prz1k=",
        "owner": "zhaofengli",
        "repo": "nix-homebrew",
        "rev": "de7953a08ed4bb9245be043e468561c17b89130d",
        "type": "github"
      },
      "original": {
        "owner": "zhaofengli",
        "repo": "nix-homebrew",
        "type": "github"
      }
    },
    "nixpkgs": {
      "locked": {
        "lastModified": 1784517550,
        "narHash": "sha256-uH9LkreZXkpZXD0QOXBkQWnAHhlVuT0wUABFw7AN9BU=",
        "owner": "NixOS",
        "repo": "nixpkgs",
        "rev": "fca2dbd4c00c3063235e56bb91758e24fc67b7b8",
        "type": "github"
      },
      "original": {
        "owner": "NixOS",
        "ref": "nixpkgs-26.05-darwin",
        "repo": "nixpkgs",
        "type": "github"
      }
    },
    "no-mistakes": {
      "flake": false,
      "locked": {
        "lastModified": 1784873727,
        "narHash": "sha256-taoeI58AZ8mlAYhxlvD+fxU6ZX/WBdM9ghplnkjXZqU=",
        "owner": "kunchenguid",
        "repo": "no-mistakes",
        "rev": "867d64d9c2df89f3f204ad1f5528e5bf7b460caa",
        "type": "github"
      },
      "original": {
        "owner": "kunchenguid",
        "ref": "v1.41.2",
        "repo": "no-mistakes",
        "type": "github"
      }
    },
    "quota-axi": {
      "flake": false,
      "locked": {
        "lastModified": 1785532543,
        "narHash": "sha256-uZX6l+90UehBHmp/p22DkNvgIc2nx9HnKeP8sK7e0jM=",
        "owner": "kunchenguid",
        "repo": "quota-axi",
        "rev": "9b2a3cbc4265bc4e017fd85d35705fe969521588",
        "type": "github"
      },
      "original": {
        "owner": "kunchenguid",
        "ref": "quota-axi-v0.1.17",
        "repo": "quota-axi",
        "type": "github"
      }
    },
    "root": {
      "inputs": {
        "brew-src": "brew-src",
        "chrome-devtools-axi": "chrome-devtools-axi",
        "gh-axi": "gh-axi",
        "home-manager": "home-manager",
        "lavish-axi": "lavish-axi",
        "matt-pocock-skills": "matt-pocock-skills",
        "nix-darwin": "nix-darwin",
        "nix-homebrew": "nix-homebrew",
        "nixpkgs": "nixpkgs",
        "no-mistakes": "no-mistakes",
        "quota-axi": "quota-axi",
        "tasks-axi": "tasks-axi",
        "treehouse": "treehouse"
      }
    },
    "tasks-axi": {
      "flake": false,
      "locked": {
        "lastModified": 1785475217,
        "narHash": "sha256-GuD6gjE09IObnZr6kKWvbx56WOBRvbtuXOXRrKb2BUo=",
        "owner": "kunchenguid",
        "repo": "tasks-axi",
        "rev": "f1ba21a69137bb771ee1051c2b6179c3f4c8c4f4",
        "type": "github"
      },
      "original": {
        "owner": "kunchenguid",
        "ref": "tasks-axi-v0.2.4",
        "repo": "tasks-axi",
        "type": "github"
      }
    },
    "treehouse": {
      "inputs": {
        "nixpkgs": [
          "nixpkgs"
        ]
      },
      "locked": {
        "lastModified": 1785475217,
        "narHash": "sha256-nybPc6SXPxw5MZIFrjrmJDno9aMH2R4uZz0U8rayAOo=",
        "owner": "kunchenguid",
        "repo": "treehouse",
        "rev": "939cb59ba0bd69036ae52fc19b5b41e0a3f167d3",
        "type": "github"
      },
      "original": {
        "owner": "kunchenguid",
        "ref": "v2.1.1",
        "repo": "treehouse",
        "type": "github"
      }
    }
  },
  "root": "root",
  "version": 7
}
