{
  "nodes": {
    "brew-src": {
      "flake": false,
      "locked": {
        "lastModified": 1785536025,
        "narHash": "sha256-w0Z0g6C9WeHt+Tz+4x35VWUdE5XYGl3LElSQns7N/h8=",
        "owner": "Homebrew",
        "repo": "brew",
        "rev": "aa32874f5fbedd67e8284e90dfe13bd32148d413",
        "type": "github"
      },
      "original": {
        "owner": "Homebrew",
        "repo": "brew",
        "type": "github"
      }
    },
    "chrome-devtools-axi": {
      "flake": false,
      "locked": {
        "lastModified": 1784695683,
        "narHash": "sha256-TmRl31TG0pRwg7F8tEwIbgYGKHeyR0waHVJuvgdqVhU=",
        "owner": "kunchenguid",
        "repo": "chrome-devtools-axi",
        "rev": "de1b5c5040ac657674dcb5475c0f2d90d714256d",
        "type": "github"
      },
      "original": {
        "owner": "kunchenguid",
        "ref": "chrome-devtools-axi-v0.1.27",
        "repo": "chrome-devtools-axi",
        "type": "github"
      }
    },
    "gh-axi": {
      "flake": false,
      "locked": {
        "lastModified": 1784906131,
        "narHash": "sha256-R6Ce8aAqe5ZFKaHgSE5amleFL+s+RHfpZakdySf8ixs=",
        "owner": "kunchenguid",
        "repo": "gh-axi",
        "rev": "fe384b3af00dfdcc68e21e3f65a96b7fe5366dfa",
        "type": "github"
      },
      "original": {
        "owner": "kunchenguid",
        "ref": "gh-axi-v0.1.28",
        "repo": "gh-axi",
        "type": "github"
      }
    },
    "home-manager": {
      "inputs": {
        "nixpkgs": [
          "nixpkgs"
        ]
      },
      "locked": {
        "lastModified": 1783221248,
        "narHash": "sha256-ESQnuNHEDChsB4IxoLRhscVahqkDWkTb+qdIz8euYt4=",
        "owner": "nix-community",
        "repo": "home-manager",
        "rev": "af2beae5f0fae0a4310cc0e6aef2572f56090353",
        "type": "github"
      },
      "original": {
        "owner": "nix-community",
        "ref": "release-26.05",
        "repo": "home-manager",
        "type": "github"
      }
    },
    "lavish-axi": {
      "flake": false,
      "locked": {
        "lastModified": 1784695679,
        "narHash": "sha256-CirTDJW8jgzHos3p0eJk7DCGn0OsYvBZHhZkwSyGWPA=",
        "owner": "kunchenguid",
        "repo": "lavish-axi",
        "rev": "966f4d58f769b0ceab5a8baf49982dba0fde4769",
        "type": "github"
      },
      "original": {
        "owner": "kunchenguid",
        "ref": "lavish-axi-v0.1.43",
        "repo": "lavish-axi",
        "type": "github"
      }
    },
    "matt-pocock-skills": {
      "flake": false,
      "locked": {
        "lastModified": 1783516840,
        "narHash": "sha256-XqF709Y9GMKINzZITlbCTyatG9AxRZh0qn2vcv1Z8yo=",
        "owner": "mattpocock",
        "repo": "skills",
        "rev": "d574778f94cf620fcc8ce741584093bc650a61d3",
        "type": "github"
      },
      "original": {
        "owner": "mattpocock",
        "ref": "v1.1.0",
        "repo": "skills",
        "type": "github"
      }
    },
    "nix-darwin": {
      "inputs": {
        "nixpkgs": [
          "nixpkgs"
        ]
      },
      "locked": {
        "lastModified": 1781772065,
        "narHash": "sha256-xIbRSwDB1GBAUsWsQZUjudGfAGQt3BOpsWaO/ugVa4w=",
        "owner": "nix-darwin",
        "repo": "nix-darwin",
        "rev": "adda04f0bf4819575b1978c2f8d78401b3c2be12",
        "type": "github"
      },
      "original": {
        "owner": "nix-darwin",
        "ref": "nix-darwin-26.05",
        "repo": "nix-darwin",
        "type": "github"
      }
    },
    "nix-homebrew": {
      "inputs": {
        "brew-src": [
          "brew-src"
        ]
      },
      "locked": {
        "lastModified": 1781389246,
        "narHash": "sha256-ORqLAo/hoJdsZC7UPAuEHev6S0+XIqKEC7vjo5prz1k=",
        "owner": "zhaofengli",
        "repo": "nix-homebrew",
        "rev": "de7953a08ed4bb9245be043e468561c17b89130d",
        "type": "github"
      },
      "original": {
        "owner": "zhaofengli",
        "repo": "nix-homebrew",
        "type": "github"
      }
    },
    "nixpkgs": {
      "locked": {
        "lastModified": 1784517550,
        "narHash": "sha256-uH9LkreZXkpZXD0QOXBkQWnAHhlVuT0wUABFw7AN9BU=",
        "owner": "NixOS",
        "repo": "nixpkgs",
        "rev": "fca2dbd4c00c3063235e56bb91758e24fc67b7b8",
        "type": "github"
      },
      "original": {
        "owner": "NixOS",
        "ref": "nixpkgs-26.05-darwin",
        "repo": "nixpkgs",
        "type": "github"
      }
    },
    "no-mistakes": {
      "flake": false,
      "locked": {
        "lastModified": 1784873727,
        "narHash": "sha256-taoeI58AZ8mlAYhxlvD+fxU6ZX/WBdM9ghplnkjXZqU=",
        "owner": "kunchenguid",
        "repo": "no-mistakes",
        "rev": "867d64d9c2df89f3f204ad1f5528e5bf7b460caa",
        "type": "github"
      },
      "original": {
        "owner": "kunchenguid",
        "ref": "v1.41.2",
        "repo": "no-mistakes",
        "type": "github"
      }
    },
    "quota-axi": {
      "flake": false,
      "locked": {
        "lastModified": 1784854707,
        "narHash": "sha256-4xMoA5xfis2OQ3b5OrtfC8t6GAwCBMGVGgQQ9KH/8x4=",
        "owner": "kunchenguid",
        "repo": "quota-axi",
        "rev": "515b6ec4ac0c4a73d6f80376ff11b4f207eb351c",
        "type": "github"
      },
      "original": {
        "owner": "kunchenguid",
        "ref": "quota-axi-v0.1.12",
        "repo": "quota-axi",
        "type": "github"
      }
    },
    "root": {
      "inputs": {
        "brew-src": "brew-src",
        "chrome-devtools-axi": "chrome-devtools-axi",
        "gh-axi": "gh-axi",
        "home-manager": "home-manager",
        "lavish-axi": "lavish-axi",
        "matt-pocock-skills": "matt-pocock-skills",
        "nix-darwin": "nix-darwin",
        "nix-homebrew": "nix-homebrew",
        "nixpkgs": "nixpkgs",
        "no-mistakes": "no-mistakes",
        "quota-axi": "quota-axi",
        "tasks-axi": "tasks-axi",
        "treehouse": "treehouse"
      }
    },
    "tasks-axi": {
      "flake": false,
      "locked": {
        "lastModified": 1783983389,
        "narHash": "sha256-ziQJdRYtMsJW9xhRtrBiTjDe/5PcECXrBU9Wt9Tn7Vg=",
        "owner": "kunchenguid",
        "repo": "tasks-axi",
        "rev": "0e2cf5904cc227bb66fed66bddac23da6ee449db",
        "type": "github"
      },
      "original": {
        "owner": "kunchenguid",
        "ref": "tasks-axi-v0.2.3",
        "repo": "tasks-axi",
        "type": "github"
      }
    },
    "treehouse": {
      "inputs": {
        "nixpkgs": [
          "nixpkgs"
        ]
      },
      "locked": {
        "lastModified": 1784576200,
        "narHash": "sha256-QtjDNcGOHaOBGefwdQ2huW+uf1A6EizhgyJLC2YxkjY=",
        "owner": "kunchenguid",
        "repo": "treehouse",
        "rev": "c0b7f685d4511eec765ab4cbb47583178424eb45",
        "type": "github"
      },
      "original": {
        "owner": "kunchenguid",
        "ref": "v2.1.0",
        "repo": "treehouse",
        "type": "github"
      }
    }
  },
  "root": "root",
  "version": 7
}
